
Microsoft Visual Studio Solution File, Format Version 12.00
# Visual Studio 2013
VisualStudioVersion = 12.0.31101.0
MinimumVisualStudioVersion = 10.0.40219.1
Project("{FAE04EC0-301F-11D3-BF4B-00C04F79EFBC}") = "3DMAX", "3DMAX\3DMAX.csproj", "{370A3D54-2EBE-47FF-AD13-CB3CAB3A871B}"
EndProject
Project("{FAE04EC0-301F-11D3-BF4B-00C04F79EFBC}") = "DbUnity", "DbUnity\DbUnity.csproj", "{584AB41D-7840-43B4-948B-24630E86F9F7}"
EndProject
Project("{FAE04EC0-301F-11D3-BF4B-00C04F79EFBC}") = "BusinessSer", "BusinessSer\BusinessSer.csproj", "{4C928BA7-B371-412C-A607-C291E1BBD704}"
EndProject
Project("{FAE04EC0-301F-11D3-BF4B-00C04F79EFBC}") = "HelixToolkit", "HelixToolkit\HelixToolkit.csproj", "{7C0E987E-CC34-4B19-BA6B-B381AEABB530}"
EndProject
Project("{FAE04EC0-301F-11D3-BF4B-00C04F79EFBC}") = "HelixToolkit.Wpf_NET40", "HelixToolkit.Wpf\HelixToolkit.Wpf_NET40.csproj", "{27ED13F0-C6B2-4ABA-A837-52F4775D5455}"
EndProject
Project("{FAE04EC0-301F-11D3-BF4B-00C04F79EFBC}") = "3DTools", "3DTools\3DTools.csproj", "{5F603892-DE40-4246-A969-1C6717AFE35D}"
EndProject
Global
	GlobalSection(SolutionConfigurationPlatforms) = preSolution
		Debug|Any CPU = Debug|Any CPU
		Debug|x86 = Debug|x86
		Release|Any CPU = Release|Any CPU
		Release|x86 = Release|x86
	EndGlobalSection
	GlobalSection(ProjectConfigurationPlatforms) = postSolution
		{370A3D54-2EBE-47FF-AD13-CB3CAB3A871B}.Debug|Any CPU.ActiveCfg = Debug|x86
		{370A3D54-2EBE-47FF-AD13-CB3CAB3A871B}.Debug|Any CPU.Build.0 = Debug|x86
		{370A3D54-2EBE-47FF-AD13-CB3CAB3A871B}.Debug|x86.ActiveCfg = Debug|Any CPU
		{370A3D54-2EBE-47FF-AD13-CB3CAB3A871B}.Release|Any CPU.ActiveCfg = Release|Any CPU
		{370A3D54-2EBE-47FF-AD13-CB3CAB3A871B}.Release|Any CPU.Build.0 = Release|Any CPU
		{370A3D54-2EBE-47FF-AD13-CB3CAB3A871B}.Release|x86.ActiveCfg = Release|Any CPU
		{584AB41D-7840-43B4-948B-24630E86F9F7}.Debug|Any CPU.ActiveCfg = Debug|x86
		{584AB41D-7840-43B4-948B-24630E86F9F7}.Debug|Any CPU.Build.0 = Debug|x86
		{584AB41D-7840-43B4-948B-24630E86F9F7}.Debug|x86.ActiveCfg = Debug|Any CPU
		{584AB41D-7840-43B4-948B-24630E86F9F7}.Debug|x86.Build.0 = Debug|Any CPU
		{584AB41D-7840-43B4-948B-24630E86F9F7}.Release|Any CPU.ActiveCfg = Release|Any CPU
		{584AB41D-7840-43B4-948B-24630E86F9F7}.Release|Any CPU.Build.0 = Release|Any CPU
		{584AB41D-7840-43B4-948B-24630E86F9F7}.Release|x86.ActiveCfg = Release|x86
		{584AB41D-7840-43B4-948B-24630E86F9F7}.Release|x86.Build.0 = Release|x86
		{4C928BA7-B371-412C-A607-C291E1BBD704}.Debug|Any CPU.ActiveCfg = Debug|x86
		{4C928BA7-B371-412C-A607-C291E1BBD704}.Debug|Any CPU.Build.0 = Debug|x86
		{4C928BA7-B371-412C-A607-C291E1BBD704}.Debug|x86.ActiveCfg = Debug|Any CPU
		{4C928BA7-B371-412C-A607-C291E1BBD704}.Debug|x86.Build.0 = Debug|Any CPU
		{4C928BA7-B371-412C-A607-C291E1BBD704}.Release|Any CPU.ActiveCfg = Release|Any CPU
		{4C928BA7-B371-412C-A607-C291E1BBD704}.Release|Any CPU.Build.0 = Release|Any CPU
		{4C928BA7-B371-412C-A607-C291E1BBD704}.Release|x86.ActiveCfg = Release|x86
		{4C928BA7-B371-412C-A607-C291E1BBD704}.Release|x86.Build.0 = Release|x86
		{7C0E987E-CC34-4B19-BA6B-B381AEABB530}.Debug|Any CPU.ActiveCfg = Debug|x86
		{7C0E987E-CC34-4B19-BA6B-B381AEABB530}.Debug|Any CPU.Build.0 = Debug|x86
		{7C0E987E-CC34-4B19-BA6B-B381AEABB530}.Debug|x86.ActiveCfg = Debug|x86
		{7C0E987E-CC34-4B19-BA6B-B381AEABB530}.Debug|x86.Build.0 = Debug|x86
		{7C0E987E-CC34-4B19-BA6B-B381AEABB530}.Release|Any CPU.ActiveCfg = Release|Any CPU
		{7C0E987E-CC34-4B19-BA6B-B381AEABB530}.Release|Any CPU.Build.0 = Release|Any CPU
		{7C0E987E-CC34-4B19-BA6B-B381AEABB530}.Release|x86.ActiveCfg = Release|x86
		{7C0E987E-CC34-4B19-BA6B-B381AEABB530}.Release|x86.Build.0 = Release|x86
		{27ED13F0-C6B2-4ABA-A837-52F4775D5455}.Debug|Any CPU.ActiveCfg = Debug|x86
		{27ED13F0-C6B2-4ABA-A837-52F4775D5455}.Debug|Any CPU.Build.0 = Debug|x86
		{27ED13F0-C6B2-4ABA-A837-52F4775D5455}.Debug|x86.ActiveCfg = Debug|x86
		{27ED13F0-C6B2-4ABA-A837-52F4775D5455}.Debug|x86.Build.0 = Debug|x86
		{27ED13F0-C6B2-4ABA-A837-52F4775D5455}.Release|Any CPU.ActiveCfg = Release|Any CPU
		{27ED13F0-C6B2-4ABA-A837-52F4775D5455}.Release|Any CPU.Build.0 = Release|Any CPU
		{27ED13F0-C6B2-4ABA-A837-52F4775D5455}.Release|x86.ActiveCfg = Release|x86
		{27ED13F0-C6B2-4ABA-A837-52F4775D5455}.Release|x86.Build.0 = Release|x86
		{5F603892-DE40-4246-A969-1C6717AFE35D}.Debug|Any CPU.ActiveCfg = Debug|Any CPU
		{5F603892-DE40-4246-A969-1C6717AFE35D}.Debug|Any CPU.Build.0 = Debug|Any CPU
		{5F603892-DE40-4246-A969-1C6717AFE35D}.Debug|x86.ActiveCfg = Debug|Any CPU
		{5F603892-DE40-4246-A969-1C6717AFE35D}.Release|Any CPU.ActiveCfg = Release|Any CPU
		{5F603892-DE40-4246-A969-1C6717AFE35D}.Release|Any CPU.Build.0 = Release|Any CPU
		{5F603892-DE40-4246-A969-1C6717AFE35D}.Release|x86.ActiveCfg = Release|Any CPU
	EndGlobalSection
	GlobalSection(SolutionProperties) = preSolution
		HideSolutionNode = FALSE
	EndGlobalSection
EndGlobal
